{
  "name": "new-life-plan-assignment",
  "version": "0.0.0",
  "lockfileVersion": 1,
  "requires": true,
  "dependencies": {
    "@angular-devkit/architect": {
      "version": "0.803.29",
      "resolved": "https://registry.npmjs.org/@angular-devkit/architect/-/architect-0.803.29.tgz",
      "integrity": "sha512-yHBud/fZHTelX24yjQg5lefZrfIebruoFTGeOwF0JdX8+KiHcTIxS4LOnUTYriasfHarcHRFXBAV/bRm+wv5ow==",
      "dev": true,
      "requires": {
        "@angular-devkit/core": "8.3.29",
        "rxjs": "6.4.0"
      }
    },
    "@angular-devkit/build-angular": {
      "version": "0.803.29",
      "resolved": "https://registry.npmjs.org/@angular-devkit/build-angular/-/build-angular-0.803.29.tgz",
      "integrity": "sha512-XAgfP1gi0rEJ3oVt+8ipvS5RfPNbeK5r2n8Ll2H3xkKjU0p1PN8+S6/0XVBtmMfeQ06SJWEAKFcAYqrxXhVTzw==",
      "dev": true,
      "requires": {
        "@angular-devkit/architect": "0.803.29",
        "@angular-devkit/build-optimizer": "0.803.29",
        "@angular-devkit/build-webpack": "0.803.29",
        "@angular-devkit/core": "8.3.29",
        "@babel/core": "7.8.7",
        "@babel/preset-env": "7.8.7",
        "@ngtools/webpack": "8.3.29",
        "ajv": "6.12.3",
        "autoprefixer": "9.6.1",
        "browserslist": "4.10.0",
        "cacache": "12.0.2",
        "caniuse-lite": "1.0.30001035",
        "circular-dependency-plugin": "5.2.0",
        "clean-css": "4.2.1",
        "copy-webpack-plugin": "6.0.3",
        "core-js": "3.6.4",
        "coverage-istanbul-loader": "2.0.3",
        "file-loader": "4.2.0",
        "find-cache-dir": "3.0.0",
        "glob": "7.1.4",
        "jest-worker": "24.9.0",
        "karma-source-map-support": "1.4.0",
        "less": "3.9.0",
        "less-loader": "5.0.0",
        "license-webpack-plugin": "2.1.2",
        "loader-utils": "1.2.3",
        "mini-css-extract-plugin": "0.8.0",
        "minimatch": "3.0.4",
        "open": "6.4.0",
        "parse5": "4.0.0",
        "postcss": "7.0.17",
        "postcss-import": "12.0.1",
        "postcss-loader": "3.0.0",
        "raw-loader": "3.1.0",
        "regenerator-runtime": "0.13.3",
        "rxjs": "6.4.0",
        "sass": "1.22.9",
        "sass-loader": "7.2.0",
        "semver": "6.3.0",
        "source-map": "0.7.3",
        "source-map-loader": "0.2.4",
        "source-map-support": "0.5.13",
        "speed-measure-webpack-plugin": "1.3.1",
        "style-loader": "1.0.0",
        "stylus": "0.54.5",
        "stylus-loader": "3.0.2",
        "terser": "4.6.3",
        "terser-webpack-plugin": "3.0.3",
        "tree-kill": "1.2.2",
        "webpack": "4.39.2",
        "webpack-dev-middleware": "3.7.2",
        "webpack-dev-server": "3.11.0",
        "webpack-merge": "4.2.1",
        "webpack-sources": "1.4.3",
        "webpack-subresource-integrity": "1.1.0-rc.6",
        "worker-plugin": "3.2.0"
      }
    },
    "@angular-devkit/build-optimizer": {
      "version": "0.803.29",
      "resolved": "https://registry.npmjs.org/@angular-devkit/build-optimizer/-/build-optimizer-0.803.29.tgz",
      "integrity": "sha512-E/MXtKc3oaP7UvQm0g4ayfH8ImEoQnRWseKD4jjYG6TbTIqfIyHCZRcKIr3svY28hzASbro5IZI6SugG+llvFw==",
      "dev": true,
      "requires": {
        "loader-utils": "1.2.3",
        "source-map": "0.7.3",
        "tslib": "1.10.0",
        "typescript": "3.5.3",
        "webpack-sources": "1.4.3"
      },
      "dependencies": {
        "tslib": {
          "version": "1.10.0",
          "resolved": "https://registry.npmjs.org/tslib/-/tslib-1.10.0.tgz",
          "integrity": "sha512-qOebF53frne81cf0S9B41ByenJ3/IuH8yJKngAX35CmiZySA0khhkovshKK+jGCaMnVomla7gVlIcc3EvKPbTQ==",
          "dev": true
        }
      }
    },
    "@angular-devkit/build-webpack": {
      "version": "0.803.29",
      "resolved": "https://registry.npmjs.org/@angular-devkit/build-webpack/-/build-webpack-0.803.29.tgz",
      "integrity": "sha512-3dJ3iEGU6AFT8VFTe72T9uNLobfd18Sq5Hz22UCCYji9K3ZyVc/bn5uXVVX+/Yj91MFtXuhOjLj7Z+XDeNy+OQ==",
      "dev": true,
      "requires": {
        "@angular-devkit/architect": "0.803.29",
        "@angular-devkit/core": "8.3.29",
        "rxjs": "6.4.0"
      }
    },
    "@angular-devkit/core": {
      "version": "8.3.29",
      "resolved": "https://registry.npmjs.org/@angular-devkit/core/-/core-8.3.29.tgz",
      "integrity": "sha512-4jdja9QPwR6XG14ZSunyyOWT3nE2WtZC5IMDIBZADxujXvhzOU0n4oWpy6/JVHLUAxYNNgzLz+/LQORRWndcPg==",
      "dev": true,
      "requires": {
        "ajv": "6.12.3",
        "fast-json-stable-stringify": "2.0.0",
        "magic-string": "0.25.3",
        "rxjs": "6.4.0",
        "source-map": "0.7.3"
      }
    },
    "@angular-devkit/schematics": {
      "version": "8.3.29",
      "resolved": "https://registry.npmjs.org/@angular-devkit/schematics/-/schematics-8.3.29.tgz",
      "integrity": "sha512-AFJ9EK0XbcNlO5Dm9vr0OlBo1Nw6AaFXPR+DmHGBdcDDHxqEmYYLWfT+JU/8U2YFIdgrtlwvdtf6UQ3V2jdz1g==",
      "dev": true,
      "requires": {
        "@angular-devkit/core": "8.3.29",
        "rxjs": "6.4.0"
      }
    },
    "@angular/animations": {
      "version": "8.2.14",
      "resolved": "https://registry.npmjs.org/@angular/animations/-/animations-8.2.14.tgz",
      "integrity": "sha512-3Vc9TnNpKdtvKIXcWDFINSsnwgEMiDmLzjceWg1iYKwpeZGQahUXPoesLwQazBMmxJzQiA4HOMj0TTXKZ+Jzkg==",
      "requires": {
        "tslib": "^1.9.0"
      }
    },
    "@angular/cdk": {
      "version": "8.2.3",
      "resolved": "https://registry.npmjs.org/@angular/cdk/-/cdk-8.2.3.tgz",
      "integrity": "sha512-ZwO5Sn720RA2YvBqud0JAHkZXjmjxM0yNzCO8RVtRE9i8Gl26Wk0j0nQeJkVm4zwv2QO8MwbKUKGTMt8evsokA==",
      "requires": {
        "parse5": "^5.0.0",
        "tslib": "^1.7.1"
      },
      "dependencies": {
        "parse5": {
        