{
  "name": "new-life-plan-assignment",
  "version": "0.0.0",
  "lockfileVersion": 1,
  "requires": true,
  "dependencies": {
    "@angular-devkit/architect": {
      "version": "0.803.29",
      "resolved": "https://registry.npmjs.org/@angular-devkit/architect/-/architect-0.803.29.tgz",
      "integrity": "sha512-yHBud/fZHTelX24yjQg5lefZrfIebruoFTGeOwF0JdX8+KiHcTIxS4LOnUTYriasfHarcHRFXBAV/bRm+wv5ow==",
      "dev": true,
      "requires": {
        "@angular-devkit/core": "8.3.29",
        "rxjs": "6.4.0"
      }
    },
    "@angular-devkit/build-angular": {
      "version": "0.803.29",
      "resolved": "https://registry.npmjs.org/@angular-devkit/build-angular/-/build-angular-0.803.29.tgz",
      "integrity": "sha512-XAgfP1gi0rEJ3oVt+8ipvS5RfPNbeK5r2n8Ll2H3xkKjU0p1PN8+S6/0XVBtmMfeQ06SJWEAKFcAYqrxXhVTzw==",
      "dev": true,
      "requires": {
        "@angular-devkit/architect": "0.803.29",
        "@angular-devkit/build-optimizer": "0.803.29",
        "@angular-devkit/build-webpack": "0.803.29",
        "@angular-devkit/core": "8.3.29",
        "@babel/core": "7.8.7",
        "@babel/preset-env": "7.8.7",
        "@ngtools/webpack": "8.3.29",
        "ajv": "6.12.3",
        "autoprefixer": "9.6.1",
        "browserslist": "4.10.0",
        "cacache": "12.0.2",
        "caniuse-lite": "1.0.30001035",
        "circular-dependency-plugin": "5.2.0",
        "clean-css": "4.2.1",
        "copy-webpack-plugin": "6.0.3",
        "core-js": "3.6.4",
        "coverage-istanbul-loader": "2.0.3",
        "file-loader": "4.2.0",
        "find-