{
  "name": "new-life-plan-assignment",
  "version": "0.0.0",
  "lockfileVersion": 1,
  "requires": true,
  "dependencies": {
    "@angular-devkit/architect": {
      "version": "0.803.29",
      "resolved": "https://registry.npmjs.org/@angular-devkit/architect/-/architect-0.803.29.tgz",
      "integrity": "sha512-yHBud/fZHTelX24yjQg5lefZrfIebruoFTGeOwF0JdX8+KiHcTIxS4LOnUTYriasfHarcHRFXBAV/bRm+wv5ow==",
      "dev": true,
      "requires": {
        "@angular-devkit/core": "8.3.29",
        "rxjs": "6.4.0"
      }
    },
    "@angular-devkit/build-angular": {
      "version": "0.803.29",
      "resolved": "https://registry.npmjs.org/@angular-devkit/build-angular/-/build-angular-0.803.29.tgz",
      "integrity": "sha512-XAgfP1gi0rEJ3oVt+8ipvS5RfPNbeK5r2n8Ll2H3xkKjU0p1PN8+S6/0XVBtmMfeQ06SJWEAKFcAYqrxXhVTzw==",
      "dev": true,
      "requires": {
        "@angular-devkit/architect": "0.803.29",
        "@angular-devkit/build-optimizer": "0.803.29",
        "@angular-devkit/build-webpack": "0.803.29",
        "@angular-devkit/core": "8.3.29",
        "@babel/core": "7.8.7",
        "@babel/preset-env": "7.8.7",
        "@ngtools/webpack": "8.3.29",
        "ajv": "6.12.3",
        "autoprefixer": "9.6.1",
        "browserslist": "4.10.0",
        "cacache": "12.0.2",
        "caniuse-lite": "1.0.30001035",
        "circular-dependency-plugin": "5.2.0",
        "clean-css": "4.2.1",
        "copy-webpack-plugin": "6.0.3",
        "core-js": "3.6.4",
        "coverage-istanbul-loader": "2.0.3",
        "file-loader": "4.2.0",
        "find-cache-dir": "3.0.0",
        "glob": "7.1.4",
        "jest-worker": "24.9.0",
        "karma-source-map-support": "1.4.0",
        "less": "3.9.0",
        "less-loader": "5.0.0",
        "license-webpack-plugin": "2.1.2",
        "loader-utils": "1.2.3",
        "mini-css-extract-plugin": "0.8.0",
        "minimatch": "3.0.4",
        "open": "6.4.0",
        "parse5": "4.0.0",
        "postcss": "7.0.17",
        "postcss-import": "12.0.1",
        "postcss-loader": "3.0.0",
        "raw-loader": "3.1.0",
        "regenerator-runtime": "0.13.3",
        "rxjs": "6.4.0",
        "sass": "1.22.9",
        "sass-loader": "7.2.0",
        "semver": "6.3.0",
        "source-map": "0.7.3",
        "source-map-loader": "0.2.4",
        "source-map-support": "0.5.13",
        "speed-measure-webpack-plugin": "1.3.1",
        "style-loader": "1.0.0",
        "stylus": "0.54.5",
        "stylus-loader": "3.0.2",
        "terser": "4.6.3",
        "terser-webpack-plugin": "3.0.3",
        "tree-kill": "1.2.2",
        "webpack": "4.39.2",
        "webpack-dev-middleware": "3.7.2",
        "webpack-dev-server": "3.11.0",
        "webpack-merge": "4.2.1",
        "webpack-sources": "1.4.3",
        "webpack-subresource-integrity": "1.1.0-rc.6",
        "worker-plugin": "3.2.0"
      }
    },
    "@angular-devkit/build-optimizer": {
      "version": "0.803.29",
      "resolved": "https://registry.npmjs.org/@angular-devkit/build-optimizer/-/build-optimizer-0.803.29.tgz",
      "integrity": "sha512-E/MXtKc3oaP7UvQm0g4ayfH8ImEoQnRWseKD4jjYG6TbTIqfIyHCZRcKIr3svY28hzASbro5IZI6SugG+llvFw==",
      "dev": true,
      "requires": {
        "loader-utils": "1.2.3",
        "source-map": "0.7.3",
        "tslib": "1.10.0",
        "typescript": "3.5.3",
        "webpack-sources": "1.4.3"
      },
      "dependencies": {
        "tslib": {
          "version": "1.10.0",
          "resolved": "https://registry.npmjs.org/tslib/-/tslib-1.10.0.tgz",
          "integrity": "sha512-qOebF53frne81cf0S9B41ByenJ3/IuH8yJKngAX35CmiZySA0khhkovshKK+jGCaMnVomla7gVlIcc3EvKPbTQ==",
          "dev": true
        }
      }
    },
    "@angular-devkit/build-webpack": {
      "version": "0.803.29",
      "resolved": "https://registry.npmjs.org/@angular-devkit/build-webpack/-/build-webpack-0.803.29.tgz",
      "integrity": "sha512-3dJ3iEGU6AFT8VFTe72T9uNLobfd18Sq5Hz22UCCYji9K3ZyVc/bn5uXVVX+/Yj91MFtXuhOjLj7Z+XDeNy+OQ==",
      "dev": true,
      "requires": {
        "@angular-devkit/architect": "0.803.29",
        "@angular-devkit/core": "8.3.29",
        "rxjs": "6.4.0"
      }
    },
    "@angular-devkit/core": {
      "version": "8.3.29",
      "resolved": "https://registry.npmjs.org/@angular-devkit/core/-/core-8.3.29.tgz",
      "integrity": "sha512-4jdja9QPwR6XG14ZSunyyOWT3nE2WtZC5IMDIBZADxujXvhzOU0n4oWpy6/JVHLUAxYNNgzLz+/LQORRWndcPg==",
      "dev": true,
      "requires": {
        "ajv": "6.12.3",
        "fast-json-stable-stringify": "2.0.0",
        "magic-string": "0.25.3",
        "rxjs": "6.4.0",
        "source-map": "0.7.3"
      }
    },
    "@angular-devkit/schematics": {
      "version": "8.3.29",
      "resolved": "https://registry.npmjs.org/@angular-devkit/schematics/-/schematics-8.3.29.tgz",
      "integrity": "sha512-AFJ9EK0XbcNlO5Dm9vr0OlBo1Nw6AaFXPR+DmHGBdcDDHxqEmYYLWfT+JU/8U2YFIdgrtlwvdtf6UQ3V2jdz1g==",
      "dev": true,
      "requires": {
        "@angular-devkit/core": "8.3.29",
        "rxjs": "6.4.0"
      }
    },
    "@angular/animations": {
      "version": "8.2.14",
      "resolved": "https://registry.npmjs.org/@angular/animations/-/animations-8.2.14.tgz",
      "integrity": "sha512-3Vc9TnNpKdtvKIXcWDFINSsnwgEMiDmLzjceWg1iYKwpeZGQahUXPoesLwQazBMmxJzQiA4HOMj0TTXKZ+Jzkg==",
      "requires": {
        "tslib": "^1.9.0"
      }
    },
    "@angular/cdk": {
      "version": "8.2.3",
      "resolved": "https://registry.npmjs.org/@angular/cdk/-/cdk-8.2.3.tgz",
      "integrity": "sha512-ZwO5Sn720RA2YvBqud0JAHkZXjmjxM0yNzCO8RVtRE9i8Gl26Wk0j0nQeJkVm4zwv2QO8MwbKUKGTMt8evsokA==",
      "requires": {
        "parse5": "^5.0.0",
        "tslib": "^1.7.1"
      },
      "dependencies": {
        "parse5": {
          "version": "5.1.1",
          "resolved": "https://registry.npmjs.org/parse5/-/parse5-5.1.1.tgz",
          "integrity": "sha512-ugq4DFI0Ptb+WWjAdOK16+u/nHfiIrcE+sh8kZMaM0WllQKLI9rOUq6c2b7cwPkXdzfQESqvoqK6ug7U/Yyzug==",
          "optional": true
        }
      }
    },
    "@angular/cli": {
      "version": "8.3.29",
      "resolved": "https://registry.npmjs.org/@angular/cli/-/cli-8.3.29.tgz",
      "integrity": "sha512-pW+iU0eKHIae+A1b9W5g8DKefMQcehZ+drGKs4Hryh8G+XGFS00BIWkmh6c1mydWTEhdsFlhdjD/rXCem7MAQQ==",
      "dev": true,
      "requires": {
        "@angular-devkit/architect": "0.803.29",
        "@angular-devkit/core": "8.3.29",
        "@angular-devkit/schematics": "8.3.29",
        "@schematics/angular": "8.3.29",
        "@schematics/update": "0.803.29",
        "@yarnpkg/lockfile": "1.1.0",
        "ansi-colors": "4.1.1",
        "debug": "^4.1.1",
        "ini": "1.3.5",
        "inquirer": "6.5.1",
        "npm-package-arg": "6.1.0",
        "npm-pick-manifest": "3.0.2",
        "open": "6.4.0",
        "pacote": "9.5.5",
        "read-package-tree": "5.3.1",
        "rimraf": "3.0.0",
        "semver": "6.3.0",
        "symbol-observable": "1.2.0",
        "universal-analytics": "^0.4.20",
        "uuid": "^3.3.2"
      },
      "dependencies": {
        "ansi-colors": {
          "version": "4.1.1",
          "resolved": "https://registry.npmjs.org/ansi-colors/-/ansi-colors-4.1.1.tgz",
          "integrity": "sha512-JoX0apGbHaUJBNl6yF+p6JAFYZ666/hhCGKN5t9QFjbJQKUU/g8MNbFDbvfrgKXvI1QpZplPOnwIo99lX/AAmA==",
          "dev": true
        },
        "rimraf": {
          "version": "3.0.0",
          "resolved": "https://registry.npmjs.org/rimraf/-/rimraf-3.0.0.tgz",
          "integrity": "sha512-NDGVxTsjqfunkds7CqsOiEnxln4Bo7Nddl3XhS4pXg5OzwkLqJ971ZVAAnB+DDLnF76N+VnDEiBHaVV8I06SUg==",
          "dev": true,
          "requires": {
            "glob": "^7.1.3"
          }
        }
      }
    },
    "@angular/common": {
      "version": "8.2.14",
      "resolved": "https://registry.npmjs.org/@angular/common/-/common-8.2.14.tgz",
      "integrity": "sha512-Qmt+aX2quUW54kaNT7QH7WGXnFxr/cC2C6sf5SW5SdkZfDQSiz8IaItvieZfXVQUbBOQKFRJ7TlSkt0jI/yjvw==",
      "requires": {
        "tslib": "^1.9.0"
      }
    },
    "@angular/compiler": {
      "version": "8.2.14",
      "resolved": "https://registry.npmjs.org/@angular/compiler/-/compiler-8.2.14.tgz",
      "integrity": "sha512-ABZO4E7eeFA1QyJ2trDezxeQM5ZFa1dXw1Mpl/+1vuXDKNjJgNyWYwKp/NwRkLmrsuV0yv4UDCDe4kJOGbPKnw==",
      "requires": {
        "tslib": "^1.9.0"
      }
    },
    "@angular/compiler-cli": {
      "version": "8.2.14",
      "resolved": "https://registry.npmjs.org/@angular/compiler-cli/-/compiler-cli-8.2.14.tgz",
      "integrity": "sha512-XDrTyrlIZM+0NquVT+Kbg5bn48AaWFT+B3bAT288PENrTdkuxuF9AhjFRZj8jnMdmaE4O2rioEkXBtl6z3zptA==",
      "dev": true,
      "requires": {
        "canonical-path": "1.0.0",
        "chokidar": "^2.1.1",
        "convert-source-map": "^1.5.1",
        "dependency-graph": "^0.7.2",
        "magic-string": "^0.25.0",
        "minimist": "^1.2.0",
        "reflect-metadata": "^0.1.2",
        "source-map": "^0.6.1",
        "tslib": "^1.9.0",
        "yargs": "13.1.0"
      },
      "dependencies": {
        "ansi-regex": {
          "version": "3.0.0",
          "resolved": "https://registry.npmjs.org/ansi-regex/-/ansi-regex-3.0.0.tgz",
          "integrity": "sha1-7QMXwyIGT3lGbAKWa922Bas32Zg=",
          "dev": true
        },
        "anymatch": {
          "version": "2.0.0",
          "resolved": "https://registry.npmjs.org/anymatch/-/anymatch-2.0.0.tgz",
          "integrity": "sha512-5teOsQWABXHHBFP9y3skS5P3d/WfWXpv3FUpy+LorMrNYaT9pI4oLMQX7jzQ2KklNpGpWHzdCXTDT2Y3XGlZBw==",
          "dev": true,
          "requires": {
            "micromatch": "^3.1.4",
            "normalize-path": "^2.1.1"
          },
          "dependencies": {
            "normalize-path": {
              "version": "2.1.1",
              "resolved": "https://registry.npmjs.org/normalize-path/-/normalize-path-2.1.1.tgz",
              "integrity": "sha1-GrKLVW4Zg2Oowab35vogE3/mrtk=",
              "dev": true,
              "requires": {
                "remove-trailing-separator": "^1.0.1"
              }
            }
          }
        },
        "binary-extensions": {
          "version": "1.13.1",
          "resolved": "https://registry.npmjs.org/binary-extensions/-/binary-extensions-1.13.1.tgz",
          "integrity": "sha512-Un7MIEDdUC5gNpcGDV97op1Ywk748MpHcFTHoYs6qnj1Z3j7I53VG3nwZhKzoBZmbdRNnb6WRdFlwl7tSDuZGw==",
          "dev": true
        },
        "braces": {
          "version": "2.3.2",
          "resolved": "https://registry.npmjs.org/braces/-/braces-2.3.2.tgz",
          "integrity": "sha512-aNdbnj9P8PjdXU4ybaWLK2IF3jc/EoDYbC7AazW6to3TRsfXxscC9UXOB5iDiEQrkyIbWp2SLQda4+QAa7nc3w==",
          "dev": true,
          "requires": {
            "arr-flatten": "^1.1.0",
            "array-unique": "^0.3.2",
            "extend-shallow": "^2.0.1",
            "fill-range": "^4.0.0",
            "isobject": "^3.0.1",
            "repeat-element": "^1.1.2",
            "snapdragon": "^0.8.1",
            "snapdragon-node": "^2.0.1",
            "split-string": "^3.0.2",
            "to-regex": "^3.0.1"
          },
          "dependencies": {
            "extend-shallow": {
              "version": "2.0.1",
              "resolved": "https://registry.npmjs.org/extend-shallow/-/extend-shallow-2.0.1.tgz",
              "integrity": "sha1-Ua99YUrZqfYQ6huvu5idaxxWiQ8=",
              "dev": true,
              "requires": {
                "is-extendable": "^0.1.0"
              }
            }
          }
        },
        "chokidar": {
          "version": "2.1.8",
          "resolved": "https://registry.npmjs.org/chokidar/-/chokidar-2.1.8.tgz",
          "integrity": "sha512-ZmZUazfOzf0Nve7duiCKD23PFSCs4JPoYyccjUFF3aQkQadqBhfzhjkwBH2mNOG9cTBwhamM37EIsIkZw3nRgg==",
          "dev": true,
          "requires": {
            "anymatch": "^2.0.0",
            "async-each": "^1.0.1",
            "braces": "^2.3.2",
            "fsevents": "^1.2.7",
            "glob-parent": "^3.1.0",
            "inherits": "^2.0.3",
            "is-binary-path": "^1.0.0",
            "is-glob": "^4.0.0",
            "normalize-path": "^3.0.0",
            "path-is-absolute": "^1.0.0",
            "readdirp": "^2.2.1",
            "upath": "^1.1.1"
          }
        },
        "cliui": {
          "version": "4.1.0",
          "resolved": "https://registry.npmjs.org/cliui/-/cliui-4.1.0.tgz",
          "integrity": "sha512-4FG+RSG9DL7uEwRUZXZn3SS34DiDPfzP0VOiEwtUWlE+AR2EIg+hSyvrIgUUfhdgR/UkAeW2QHgeP+hWrXs7jQ==",
          "dev": true,
          "requires": {
            "string-width": "^2.1.1",
            "strip-ansi": "^4.0.0",
            "wrap-ansi": "^2.0.0"
          },
          "dependencies": {
            "string-width": {
              "version": "2.1.1",
              "resolved": "https://registry.npmjs.org/string-width/-/string-width-2.1.1.tgz",
              "integrity": "sha512-nOqH59deCq9SRHlxq1Aw85Jnt4w6KvLKqWVik6oA9ZklXLNIOlqg4F2yrT1MVaTjAqvVwdfeZ7w7aCvJD7ugkw==",
              "dev": true,
              "requires": {
                "is-fullwidth-code-point": "^2.0.0",
                "strip-ansi": "^4.0.0"
              }
            }
          }
        },
        "fill-range": {
          "version": "4.0.0",
          "resolved": "https://registry.npmjs.org/fill-range/-/fill-range-4.0.0.tgz",
          "integrity": "sha1-1USBHUKPmOsGpj3EAtJAPDKMOPc=",
          "dev": true,
          "requires": {
            "extend-shallow": "^2.0.1",
            "is-number": "^3.0.0",
            "repeat-string": "^1.6.1",
            "to-regex-range": "^2.1.0"
          },
          "dependencies": {
            "extend-shallow": {
              "version": "2.0.1",
              "resolved": "https://registry.npmjs.org/extend-shallow/-/extend-shallow-2.0.1.tgz",
              "integrity": "sha1-Ua99YUrZqfYQ6huvu5idaxxWiQ8=",
              "dev": true,
              "requires": {
                "is-extendable": "^0.1.0"
              }
            }
          }
        },
        "fsevents": {
          "version": "1.2.13",
          "resolved": "https://registry.npmjs.org/fsevents/-/fsevents-1.2.13.tgz",
          "integrity": "sha512-oWb1Z6mkHIskLzEJ/XWX0srkpkTQ7vaopMQkyaEIoq0fmtFVxOthb8cCxeT+p3ynTdkk/RZwbgG4brR5BeWECw==",
          "dev": true,
          "optional": true,
          "requires": {
            "bindings": "^1.5.0",
            "nan": "^2.12.1"
          }
        },
        "glob-parent": {
          "version": "3.1.0",
          "resolved": "https://registry.npmjs.org/glob-parent/-/glob-parent-3.1.0.tgz",
          "integrity": "sha1-nmr2KZ2NO9K9QEMIMr0RPfkGxa4=",
          "dev": true,
          "requires": {
            "is-glob": "^3.1.0",
            "path-dirname": "^1.0.0"
          },
          "dependencies": {
            "is-glob": {
              "version": "3.1.0",
              "resolved": "https://registry.npmjs.org/is-glob/-/is-glob-3.1.0.tgz",
              "integrity": "sha1-e6WuJCF4BKxwcHuWkiVnSGzD6Eo=",
              "dev": true,
              "requires": {
                "is-extglob": "^2.1.0"
              }
            }
          }
        },
        "is-binary-path": {
          "version": "1.0.1",
          "resolved": "https://registry.npmjs.org/is-binary-path/-/is-binary-path-1.0.1.tgz",
          "integrity": "sha1-dfFmQrSA8YenEcgUFh/TpKdlWJg=",
          "dev": true,
          "requires": {
            "binary-extensions": "^1.0.0"
          }
        },
        "is-number": {
          "version": "3.0.0",
          "resolved": "https://registry.npmjs.org/is-number/-/is-number-3.0.0.tgz",
          "integrity": "sha1-JP1iAaR4LPUFYcgQJ2r8fRLXEZU=",
          "dev": true,
          "requires": {
            "kind-of": "^3.0.2"
          },
          "dependencies": {
            "kind-of": {
              "version": "3.2.2",
              "resolved": "https://registry.npmjs.org/kind-of/-/kind-of-3.2.2.tgz",
              "integrity": "sha1-MeohpzS6ubuw8yRm2JOupR5KPGQ=",
              "dev": true,
              "requires": {
                "is-buffer": "^1.1.5"
              }
            }
          }
        },
        "micromatch": {
          "version": "3.1.10",
          "resolved": "https://registry.npmjs.org/micromatch/-/micromatch-3.1.10.tgz",
          "integrity": "sha512-MWikgl9n9M3w+bpsY3He8L+w9eF9338xRl8IAO5viDizwSzziFEyUzo2xrrloB64ADbTf8uA8vRqqttDTOmccg==",
          "dev": true,
          "requires": {
            "arr-diff": "^4.0.0",
            "array-unique": "^0.3.2",
            "braces": "^2.3.1",
            "define-property": "^2.0.2",
            "extend-shallow": "^3.0.2",
            "extglob": "^2.0.4",
            "fragment-cache": "^0.2.1",
            "kind-of": "^6.0.2",
            "nanomatch": "^1.2.9",
            "object.pick": "^1.3.0",
            "regex-not": "^1.0.0",
            "snapdragon": "^0.8.1",
            "to-regex": "^3.0.2"
          }
        },
        "readdirp": {
          "version": "2.2.1",
          "resolved": "https://registry.npmjs.org/readdirp/-/readdirp-2.2.1.tgz",
          "integrity": "sha512-1JU/8q+VgFZyxwrJ+SVIOsh+KywWGpds3NTqikiKpDMZWScmAYyKIgqkO+ARvNWJfXeXR1zxz7aHF4u4CyH6vQ==",
          "dev": true,
          "requires": {
            "graceful-fs": "^4.1.11",
            "micromatch": "^3.1.10",
            "readable-stream": "^2.0.2"
          }
        },
        "source-map": {
          "version": "0.6.1",
          "resolved": "https://registry.npmjs.org/source-map/-/source-map-0.6.1.tgz",
          "integrity": "sha512-UjgapumWlbMhkBgzT7Ykc5YXUT46F0iKu8SGXq0bcwP5dz/h0Plj6enJqjz1Zbq2l5WaqYnrVbwWOWMyF3F47g==",
          "dev": true
        },
        "strip-ansi": {
          "version": "4.0.0",
          "resolved": "https://registry.npmjs.org/strip-ansi/-/strip-ansi-4.0.0.tgz",
          "integrity": "sha1-qEeQIusaw2iocTibY1JixQXuNo8=",
          "dev": true,
          "requires": {
            "ansi-regex": "^3.0.0"
          }
        },
        "to-regex-range": {
          "version": "2.1.1",
          "resolved": "https://registry.npmjs.org/to-regex-range/-/to-regex-range-2.1.1.tgz",
          "integrity": "sha1-fIDBe53+vlmeJzZ+DU3VWQFB2zg=",
          "dev": true,
          "requires": {
            "is-number": "^3.0.0",
            "repeat-string": "^1.6.1"
          }
        },
        "wrap-ansi": {
          "version": "2.1.0",
          "resolved": "https://registry.npmjs.org/wrap-ansi/-/wrap-ansi-2.1.0.tgz",
          "integrity": "sha1-2Pw9KE3QV5T+hJc8rs3Rz4JP3YU=",
          "dev": true,
          "requires": {
            "string-width": "^1.0.1",
            "strip-ansi": "^3.0.1"
          },
          "dependencies": {
            "ansi-regex": {
              "version": "2.1.1",
              "resolved": "https://registry.npmjs.org/ansi-regex/-/ansi-regex-2.1.1.tgz",
              "integrity": "sha1-w7M6te42DYbg5ijwRorn7yfWVN8=",
              "dev": true
            },
            "is-fullwidth-code-point": {
              "version": "1.0.0",
              "resolved": "https://registry.npmjs.org/is-fullwidth-code-point/-/is-fullwidth-code-point-1.0.0.tgz",
              "integrity": "sha1-754xOG8DGn8NZDr4L95QxFfvAMs=",
              "dev": true,
              "requires": {
                "number-is-nan": "^1.0.0"
              }
            },
            "string-width": {
              "version": "1.0.2",
              "resolved": "https://registry.npmjs.org/string-width/-/string-width-1.0.2.tgz",
              "integrity": "sha1-EYvfW4zcUaKn5w0hHgfisLmxB9M=",
              "dev": true,
              "requires": {
                "code-point-at": "^1.0.0",
                "is-fullwidth-code-point": "^1.0.0",
                "strip-ansi": "^3.0.0"
              }
            },
            "strip-ansi": {
              "version": "3.0.1",
              "resolved": "https://registry.npmjs.org/strip-ansi/-/strip-ansi-3.0.1.tgz",
              "integrity": "sha1-ajhfuIU9lS1f8F0Oiq+UJ43GPc8=",
              "dev": true,
              "requires": {
                "ansi-regex": "^2.0.0"
              }
            }
          }
        },
        "yargs": {
          "version": "13.1.0",
          "resolved": "https://registry.npmjs.org/yargs/-/yargs-13.1.0.tgz",
          "integrity": "sha512-1UhJbXfzHiPqkfXNHYhiz79qM/kZqjTE8yGlEjZa85Q+3+OwcV6NRkV7XOV1W2Eom2bzILeUn55pQYffjVOLAg==",
          "dev": true,
          "requires": {
            "cliui": "^4.0.0",
            "find-up": "^3.0.0",
            "get-caller-file": "^2.0.1",
            "os-locale": "^3.1.0",
            "require-directory": "^2.1.1",
            "require-main-filename": "^2.0.0",
            "set-blocking": "^2.0.0",
            "string-width": "^3.0.0",
            "which-module": "^2.0.0",
            "y18n": "^4.0.0",
            "yargs-parser": "^13.0.0"
          }
        }
      }
    },
    "@angular/core": {
      "version": "8.2.14",
      "resolved": "https://registry.npmjs.org/@angular/core/-/core-8.2.14.tgz",
      "integrity": "sha512-zeePkigi+hPh3rN7yoNENG/YUBUsIvUXdxx+AZq+QPaFeKEA2FBSrKn36ojHFrdJUjKzl0lPMEiGC2b6a6bo6g==",
      "requires": {
        "tslib": "^1.9.0"
      }
    },
    "@angular/forms": {
      "version": "8.2.14",
      "resolved": "h